{
  "name": "webcam",
  "version": "1.0.0",
  "lockfileVersion": 2,
  "requires": true,
  "packages": {
    "": {
      "version": "1.0.0",
      "license": "ISC",
      "dependencies": {
        "node-webcam": "^0.6.4"
      }
    },
    "node_modules/abbrev": {
      "version": "1.1.1",
      "resolved": "https://registry.npmjs.org/abbrev/-/abbrev-1.1.1.tgz",
      "integrity": "sha512-nne9/IiQ/hzIhY6pdDnbBtz7DjPTKrY00P/zvPSm5pOFkl6xuGrGnXn/VtTNNfNtAfZ9/1RtehkszU9qcTii0Q=="
    },
    "node_modules/node-webcam": {
      "version": "0.6.4",
      "resolved": "https://registry.npmjs.org/node-webcam/-/node-webcam-0.6.4.tgz",
      "integrity": "sha512-hw5QPvIjREq1MJOYb0l+nefOG+qGSgp6yJuOFZKCyrl6+FcDqvV0umjnle22IAyEG3ueyHav9xM8SEiGlIBb6A==",
      "hasInstallScript": true,
      "dependencies": {
        "nopt": "*"
      },
      "bin": {
        "node-webcam": "bin/node-webcam.js"
      }
    },
    "node_modules/nopt": {
      "version": "5.0.0",
      "resolved": "https://registry.npmjs.org/nopt/-/nopt-5.0.0.tgz",
      "integrity": "sha512-Tbj67rffqceeLpcRXrT7vKAN8CwfPeIBgM7E6iBkmKLV7bEMwpGgYLGv0jACUsECaa/vuxP0IjEont6umdMgtQ==",
      "dependencies": {
        "abbrev": "1"
      },
      "bin": {
        "nopt": "bin/nopt.js"
      },
      "engines": {
        "node": ">=6"
      }
    }
  },
  "dependencies": {
    "abbrev": {
      "version": "1.1.1",
      "resolved": "https://registry.npmjs.org/abbrev/-/abbrev-1.1.1.tgz",
      "integrity": "sha512-nne9/IiQ/hzIhY6pdDnbBtz7DjPTKrY00P/zvPSm5pOFkl6xuGrGnXn/VtTNNfNtAfZ9/1RtehkszU9qcTii0Q=="
    },
    "node-webcam": {
      "version": "0.6.4",
      "resolved": "https://registry.npmjs.org/node-webcam/-/node-webcam-0.6.4.tgz",
      "integrity": "sha512-hw5QPvIjREq1MJOYb0l+nefOG+qGSgp6yJuOFZKCyrl6+FcDqvV0umjnle22IAyEG3ueyHav9xM8SEiGlIBb6A==",
      "requires": {
        "nopt": "*"
      }
    },
    "nopt": {
      "version": "5.0.0",
      "resolved": "https://registry.npmjs.org/nopt/-/nopt-5.0.0.tgz",
      "integrity": "sha512-Tbj67rffqceeLpcRXrT7vKAN8CwfPeIBgM7E6iBkmKLV7bEMwpGgYLGv0jACUsECaa/vuxP0IjEont6umdMgtQ==",
      "requires": {
        "abbrev": "1"
      }
    }
  }
}
